
Microsoft Visual Studio Solution File, Format Version 12.00
# Visual Studio 15
VisualStudioVersion = 15.0.28010.2048
MinimumVisualStudioVersion = 10.0.40219.1
Project("{FAE04EC0-301F-11D3-BF4B-00C04F79EFBC}") = "WebApi", "WebApi\WebApi.csproj", "{ADB09176-2322-44F1-B2A0-0B7F2F803E9D}"
EndProject
Global
	GlobalSection(SolutionConfigurationPlatforms) = preSolution
		Debug|Any CPU = Debug|Any CPU
		Release|Any CPU = Release|Any CPU
	EndGlobalSection
	GlobalSection(ProjectConfigurationPlatforms) = postSolution
		{ADB09176-2322-44F1-B2A0-0B7F2F803E9D}.Debug|Any CPU.ActiveCfg = Debug|Any CPU
		{ADB09176-2322-44F1-B2A0-0B7F2F803E9D}.Debug|Any CPU.Build.0 = Debug|Any CPU
		{ADB09176-2322-44F1-B2A0-0B7F2F803E9D}.Release|Any CPU.ActiveCfg = Release|Any CPU
		{ADB09176-2322-44F1-B2A0-0B7F2F803E9D}.Release|Any CPU.Build.0 = Release|Any CPU
	EndGlobalSection
	GlobalSection(SolutionProperties) = preSolution
		HideSolutionNode = FALSE
	EndGlobalSection
	GlobalSection(ExtensibilityGlobals) = postSolution
		SolutionGuid = {B096AC6E-E1CC-4384-8B96-4E27BCCC4964}
	EndGlobalSection
EndGlobal
